
Microsoft Visual Studio Solution File, Format Version 12.00
# Visual Studio 14
VisualStudioVersion = 14.0.25123.0
MinimumVisualStudioVersion = 10.0.40219.1
Project("{FAE04EC0-301F-11D3-BF4B-00C04F79EFBC}") = "BinaryTree", "BinaryTree\BinaryTree.csproj", "{9CD9E89A-9C39-4877-81CB-8F899E492199}"
EndProject
Project("{FAE04EC0-301F-11D3-BF4B-00C04F79EFBC}") = "Arrays", "Arrays\Arrays.csproj", "{466F33C5-68D9-4C08-A79F-E508021EBA62}"
EndProject
Project("{FAE04EC0-301F-11D3-BF4B-00C04F79EFBC}") = "Strings", "Strings\Strings.csproj", "{2174F26A-D253-4A1C-B9A2-2C09471C72A3}"
EndProject
Project("{FAE04EC0-301F-11D3-BF4B-00C04F79EFBC}") = "Graphs", "Graphs\Graphs.csproj", "{6F1037C9-6E89-416E-B251-3AC297F83445}"
EndProject
Project("{FAE04EC0-301F-11D3-BF4B-00C04F79EFBC}") = "Others", "Others\Others.csproj", "{8304BDD2-B6C9-4C29-B7B6-EC5441CB42EC}"
EndProject
Project("{FAE04EC0-301F-11D3-BF4B-00C04F79EFBC}") = "DynamicProgramming", "DynamicProgramming\DynamicProgramming.csproj", "{D66EB86E-4613-45EB-A5D2-811FF5C4D7D9}"
EndProject
Project("{FAE04EC0-301F-11D3-BF4B-00C04F79EFBC}") = "Stacks", "Stacks\Stacks.csproj", "{D334EDB0-4DCA-40B0-A838-EA04DCAC2C9F}"
EndProject
Project("{FAE04EC0-301F-11D3-BF4B-00C04F79EFBC}") = "KnightsTour", "KnightsTour\KnightsTour.csproj", "{D1BFEB29-F63F-4AB4-B59D-DA32CA5D4651}"
EndProject
Project("{FAE04EC0-301F-11D3-BF4B-00C04F79EFBC}") = "Maze", "Maze\Maze.csproj", "{0F597F51-CB22-4762-9703-6EE05107B2EA}"
EndProject
Project("{FAE04EC0-301F-11D3-BF4B-00C04F79EFBC}") = "Sort", "Sort\Sort.csproj", "{F754DCE4-AC92-4B21-AC67-9EAAAFD1AB90}"
EndProject
Project("{FAE04EC0-301F-11D3-BF4B-00C04F79EFBC}") = "Aggregations", "Aggregations\Aggregations.csproj", "{07646A6B-9627-47D4-A08C-7D2FD1D9B44B}"
EndProject
Project("{FAE04EC0-301F-11D3-BF4B-00C04F79EFBC}") = "Trie", "Trie\Trie.csproj", "{7B9C42A9-B2A9-4EE5-A568-A1D76ABF106C}"
EndProject
Global
	GlobalSection(SolutionConfigurationPlatforms) = preSolution
		Debug|Any CPU = Debug|Any CPU
		Release|Any CPU = Release|Any CPU
	EndGlobalSection
	GlobalSection(ProjectConfigurationPlatforms) = postSolution
		{9CD9E89A-9C39-4877-81CB-8F899E492199}.Debug|Any CPU.ActiveCfg = Debug|Any CPU
		{9CD9E89A-9C39-4877-81CB-8F899E492199}.Debug|Any CPU.Build.0 = Debug|Any CPU
		{9CD9E89A-9C39-4877-81CB-8F899E492199}.Release|Any CPU.ActiveCfg = Release|Any CPU
		{9CD9E89A-9C39-4877-81CB-8F899E492199}.Release|Any CPU.Build.0 = Release|Any CPU
		{466F33C5-68D9-4C08-A79F-E508021EBA62}.Debug|Any CPU.ActiveCfg = Debug|Any CPU
		{466F33C5-68D9-4C08-A79F-E508021EBA62}.Debug|Any CPU.Build.0 = Debug|Any CPU
		{466F33C5-68D9-4C08-A79F-E508021EBA62}.Release|Any CPU.ActiveCfg = Release|Any CPU
		{466F33C5-68D9-4C08-A79F-E508021EBA62}.Release|Any CPU.Build.0 = Release|Any CPU
		{2174F26A-D253-4A1C-B9A2-2C09471C72A3}.Debug|Any CPU.ActiveCfg = Debug|Any CPU
		{2174F26A-D253-4A1C-B9A2-2C09471C72A3}.Debug|Any CPU.Build.0 = Debug|Any CPU
		{2174F26A-D253-4A1C-B9A2-2C09471C72A3}.Release|Any CPU.ActiveCfg = Release|Any CPU
		{2174F26A-D253-4A1C-B9A2-2C09471C72A3}.Release|Any CPU.Build.0 = Release|Any CPU
		{6F1037C9-6E89-416E-B251-3AC297F83445}.Debug|Any CPU.ActiveCfg = Debug|Any CPU
		{6F1037C9-6E89-416E-B251-3AC297F83445}.Debug|Any CPU.Build.0 = Debug|Any CPU
		{6F1037C9-6E89-416E-B251-3AC297F83445}.Release|Any CPU.ActiveCfg = Release|Any CPU
		{6F1037C9-6E89-416E-B251-3AC297F83445}.Release|Any CPU.Build.0 = Release|Any CPU
		{8304BDD2-B6C9-4C29-B7B6-EC5441CB42EC}.Debug|Any CPU.ActiveCfg = Debug|Any CPU
		{8304BDD2-B6C9-4C29-B7B6-EC5441CB42EC}.Debug|Any CPU.Build.0 = Debug|Any CPU
		{8304BDD2-B6C9-4C29-B7B6-EC5441CB42EC}.Release|Any CPU.ActiveCfg = Release|Any CPU
		{8304BDD2-B6C9-4C29-B7B6-EC5441CB42EC}.Release|Any CPU.Build.0 = Release|Any CPU
		{D66EB86E-4613-45EB-A5D2-811FF5C4D7D9}.Debug|Any CPU.ActiveCfg = Debug|Any CPU
		{D66EB86E-4613-45EB-A5D2-811FF5C4D7D9}.Debug|Any CPU.Build.0 = Debug|Any CPU
		{D66EB86E-4613-45EB-A5D2-811FF5C4D7D9}.Release|Any CPU.ActiveCfg = Release|Any CPU
		{D66EB86E-4613-45EB-A5D2-811FF5C4D7D9}.Release|Any CPU.Build.0 = Release|Any CPU
		{D334EDB0-4DCA-40B0-A838-EA04DCAC2C9F}.Debug|Any CPU.ActiveCfg = Debug|Any CPU
		{D334EDB0-4DCA-40B0-A838-EA04DCAC2C9F}.Debug|Any CPU.Build.0 = Debug|Any CPU
		{D334EDB0-4DCA-40B0-A838-EA04DCAC2C9F}.Release|Any CPU.ActiveCfg = Release|Any CPU
		{D334EDB0-4DCA-40B0-A838-EA04DCAC2C9F}.Release|Any CPU.Build.0 = Release|Any CPU
		{D1BFEB29-F63F-4AB4-B59D-DA32CA5D4651}.Debug|Any CPU.ActiveCfg = Debug|Any CPU
		{D1BFEB29-F63F-4AB4-B59D-DA32CA5D4651}.Debug|Any CPU.Build.0 = Debug|Any CPU
		{D1BFEB29-F63F-4AB4-B59D-DA32CA5D4651}.Release|Any CPU.ActiveCfg = Release|Any CPU
		{D1BFEB29-F63F-4AB4-B59D-DA32CA5D4651}.Release|Any CPU.Build.0 = Release|Any CPU
		{0F597F51-CB22-4762-9703-6EE05107B2EA}.Debug|Any CPU.ActiveCfg = Debug|Any CPU
		{0F597F51-CB22-4762-9703-6EE05107B2EA}.Debug|Any CPU.Build.0 = Debug|Any CPU
		{0F597F51-CB22-4762-9703-6EE05107B2EA}.Release|Any CPU.ActiveCfg = Release|Any CPU
		{0F597F51-CB22-4762-9703-6EE05107B2EA}.Release|Any CPU.Build.0 = Release|Any CPU
		{F754DCE4-AC92-4B21-AC67-9EAAAFD1AB90}.Debug|Any CPU.ActiveCfg = Debug|Any CPU
		{F754DCE4-AC92-4B21-AC67-9EAAAFD1AB90}.Debug|Any CPU.Build.0 = Debug|Any CPU
		{F754DCE4-AC92-4B21-AC67-9EAAAFD1AB90}.Release|Any CPU.ActiveCfg = Release|Any CPU
		{F754DCE4-AC92-4B21-AC67-9EAAAFD1AB90}.Release|Any CPU.Build.0 = Release|Any CPU
		{07646A6B-9627-47D4-A08C-7D2FD1D9B44B}.Debug|Any CPU.ActiveCfg = Debug|Any CPU
		{07646A6B-9627-47D4-A08C-7D2FD1D9B44B}.Debug|Any CPU.Build.0 = Debug|Any CPU
		{07646A6B-9627-47D4-A08C-7D2FD1D9B44B}.Release|Any CPU.ActiveCfg = Release|Any CPU
		{07646A6B-9627-47D4-A08C-7D2FD1D9B44B}.Release|Any CPU.Build.0 = Release|Any CPU
		{7B9C42A9-B2A9-4EE5-A568-A1D76ABF106C}.Debug|Any CPU.ActiveCfg = Debug|Any CPU
		{7B9C42A9-B2A9-4EE5-A568-A1D76ABF106C}.Debug|Any CPU.Build.0 = Debug|Any CPU
		{7B9C42A9-B2A9-4EE5-A568-A1D76ABF106C}.Release|Any CPU.ActiveCfg = Release|Any CPU
		{7B9C42A9-B2A9-4EE5-A568-A1D76ABF106C}.Release|Any CPU.Build.0 = Release|Any CPU
	EndGlobalSection
	GlobalSection(SolutionProperties) = preSolution
		HideSolutionNode = FALSE
	EndGlobalSection
EndGlobal
